%{
  "bunt": {:hex, :bunt, "0.2.0", "951c6e801e8b1d2cbe58ebbd3e616a869061ddadcc4863d0a2182541acae9a38", [:mix], [], "hexpm"},
  "credo": {:hex, :credo, "0.10.1", "e85efaf2dd7054399083ab2c6a5199f6cb1805de1a5b00d9e8c5f07033407b1f", [:mix], [{:bunt, "~> 0.2.0", [hex: :bunt, repo: "hexpm", optional: false]}, {:jason, "~> 1.0", [hex: :jason, repo: "hexpm", optional: false]}], "hexpm"},
  "eqc_ex": {:hex, :eqc_ex, "1.4.2", "c89322cf8fbd4f9ddcb18141fb162a871afd357c55c8c0198441ce95ffe2e105", [:mix], [], "hexpm"},
  "gen_state_machine": {:hex, :gen_state_machine, "2.0.3", "477ea51b466a749ab23a0d6090e9e84073f41f9aa28c7efc40eac18f3d4a9f77", [:mix], [], "hexpm"},
  "jason": {:hex, :jason, "1.1.1", "d3ccb840dfb06f2f90a6d335b536dd074db748b3e7f5b11ab61d239506585eb2", [:mix], [{:decimal, "~> 1.0", [hex: :decimal, repo: "hexpm", optional: true]}], "hexpm"},
  "tortoise": {:hex, :tortoise, "0.9.2", "eafc62263db06b8abf3352cce305ea4b2d92f2a659e1fd23a6a7b3afd831350c", [:mix], [{:eqc_ex, "~> 1.4", [hex: :eqc_ex, repo: "hexpm", optional: false]}, {:gen_state_machine, "~> 2.0", [hex: :gen_state_machine, repo: "hexpm", optional: false]}], "hexpm"},
}
